// !$*UTF8*$!
{
	archiveVersion = 1;
	classes = {
	};
	objectVersion = 56;
	objects = {

/* Begin PBXBuildFile section */
		185E26BD2AF56087007BF2F8 /* FitWitApp.swift in Sources */ = {isa = PBXBuildFile; fileRef = 185E26BC2AF56087007BF2F8 /* FitWitApp.swift */; };
		185E26BF2AF56087007BF2F8 /* ContentView.swift in Sources */ = {isa = PBXBuildFile; fileRef = 185E26BE2AF56087007BF2F8 /* ContentView.swift */; };
		185E26C12AF5608A007BF2F8 /* Assets.xcassets in Resources */ = {isa = PBXBuildFile; fileRef = 185E26C02AF5608A007BF2F8 /* Assets.xcassets */; };
		185E26C42AF5608A007BF2F8 /* Preview Assets.xcassets in Resources */ = {isa = PBXBuildFile; fileRef = 185E26C32AF5608A007BF2F8 /* Preview Assets.xcassets */; };
		185E26CC2AF564D6007BF2F8 /* BackgroundView.swift in Sources */ = {isa = PBXBuildFile; fileRef = 185E26CB2AF564D6007BF2F8 /* BackgroundView.swift */; };
		185E26CE2AF5A32A007BF2F8 /* HomeView.swift in Sources */ = {isa = PBXBuildFile; fileRef = 185E26CD2AF5A32A007BF2F8 /* HomeView.swift */; };
		1866D1772B03EA880060D845 /* MatchView.swift in Sources */ = {isa = PBXBuildFile; fileRef = 1866D1762B03EA880060D845 /* MatchView.swift */; };
		188293BB2B001D4A00502EA8 /* SplashView.swift in Sources */ = {isa = PBXBuildFile; fileRef = 188293BA2B001D4A00502EA8 /* SplashView.swift */; };
/* End PBXBuildFile section */

/* Begin PBXFileReference section */
		185E26B92AF56087007BF2F8 /* FitWit.app */ = {isa = PBXFileReference; explicitFileType = wrapper.application; includeInIndex = 0; path = FitWit.app; sourceTree = BUILT_PRODUCTS_DIR; };
		185E26BC2AF56087007BF2F8 /* FitWitApp.swift */ = {isa = PBXFileReference; lastKnownFileType = sourcecode.swift; path = FitWitApp.swift; sourceTree = "<group>"; };
		185E26BE2AF56087007BF2F8 /* ContentView.swift */ = {isa = PBXFileReference; lastKnownFileType = sourcecode.swift; path = ContentView.swift; sourceTree = "<group>"; };
		185E26C02AF5608A007BF2F8 /* Assets.xcassets */ = {isa = PBXFileReference; lastKnownFileType = folder.assetcatalog; path = Assets.xcassets; sourceTree = "<group>"; };
		185E26C32AF5608A007BF2F8 /* Preview Assets.xcassets */ = {isa = PBXFileReference; lastKnownFileType = folder.assetcatalog; path = "Preview Assets.xcassets"; sourceTree = "<group>"; };
		185E26CB2AF564D6007BF2F8 /* BackgroundView.swift */ = {isa = PBXFileReference; lastKnownFileType = sourcecode.swift; path = BackgroundView.swift; sourceTree = "<group>"; };
		185E26CD2AF5A32A007BF2F8 /* HomeView.swift */ = {isa = PBXFileReference; lastKnownFileType = sourcecode.swift; path = HomeView.swift; sourceTree = "<group>"; };
		1866D1762B03EA880060D845 /* MatchView.swift */ = {isa = PBXFileReference; lastKnownFileType = sourcecode.swift; path = MatchView.swift; sourceTree = "<group>"; };
		188293BA2B001D4A00502EA8 /* SplashView.swift */ = {isa = PBXFileReference; lastKnownFileType = sourcecode.swift; path = SplashView.swift; sourceTree = "<group>"; };
/* End PBXFileReference section */

/* Begin PBXFrameworksBuildPhase section */
		185E26B62AF56087007BF2F8 /* Frameworks */ = {
			isa = PBXFrameworksBuildPhase;
			buildActionMask = 2147483647;
			files = (
			);
			runOnlyForDeploymentPostprocessing = 0;
		};
/* End PBXFrameworksBuildPhase section */

/* Begin PBXGroup section */
		185E26B02AF56087007BF2F8 = {
			isa = PBXGroup;
			children = (
				185E26BB2AF56087007BF2F8 /* FitWit */,
				185E26BA2AF56087007BF2F8 /* Products */,
			);
			sourceTree = "<group>";
		};
		185E26BA2AF56087007BF2F8 /* Products */ = {
			isa = PBXGroup;
			children = (
				185E26B92AF56087007BF2F8 /* FitWit.app */,
			);
			name = Products;
			sourceTree = "<group>";
		};
		185E26BB2AF56087007BF2F8 /* FitWit */ = {
			isa = PBXGroup;
			children = (
				185E26CA2AF564B7007BF2F8 /* Views */,
				185E26BC2AF56087007BF2F8 /* FitWitApp.swift */,
				185E26C02AF5608A007BF2F8 /* Assets.xcassets */,
				185E26C22AF5608A007BF2F8 /* Preview Content */,
			);
			path = FitWit;
			sourceTree = "<group>";
		};
		185E26C22AF5608A007BF2F8 /* Preview Content */ = {
			isa = PBXGroup;
			children = (
				185E26C32AF5608A007BF2F8 /* Preview Assets.xcassets */,
			);
			path = "Preview Content";
			sourceTree = "<group>";
		};
		185E26CA2AF564B7007BF2F8 /* Views */ = {
			isa = PBXGroup;
			children = (
				185E26BE2AF56087007BF2F8 /* ContentView.swift */,
				185E26CB2AF564D6007BF2F8 /* BackgroundView.swift */,
				185E26CD2AF5A32A007BF2F8 /* HomeView.swift */,
				188293BA2B001D4A00502EA8 /* SplashView.swift */,
				1866D1762B03EA880060D845 /* MatchView.swift */,
			);
			path = Views;
			sourceTree = "<group>";
		};
/* End PBXGroup section */

/* Begin PBXNativeTarget section */
		185E26B82AF56087007BF2F8 /* FitWit */ = {
			isa = PBXNativeTarget;
			buildConfigurationList = 185E26C72AF5608A007BF2F8 /* Build configuration list for PBXNativeTarget "FitWit" */;
			buildPhases = (
				185E26B52AF56087007BF2F8 /* Sources */,
				185E26B62AF56087007BF2F8 /* Frameworks */,
				185E26B72AF56087007BF2F8 /* Resources */,
			);
			buildRules = (
			);
			dependencies = (
			);
			name = FitWit;
			productName = FitWit;
			productReference = 185E26B92AF56087007BF2F8 /* FitWit.app */;
			productType = "com.apple.product-type.application";
		};
/* End PBXNativeTarget section */

/* Begin PBXProject section */
		185E26B12AF56087007BF2F8 /* Project object */ = {
			isa = PBXProject;
			attributes = {
				BuildIndependentTargetsInParallel = 1;
				LastSwiftUpdateCheck = 1430;
				LastUpgradeCheck = 1430;
				TargetAttributes = {
					185E26B82AF56087007BF2F8 = {
						CreatedOnToolsVersion = 14.3.1;
					};
				};
			};
			buildConfigurationList = 185E26B42AF56087007BF2F8 /* Build configuration list for PBXProject "FitWit" */;
			compatibilityVersion = "Xcode 14.0";
			developmentRegion = en;
			hasScannedForEncodings = 0;
			knownRegions = (
				en,
				Base,
			);
			mainGroup = 185E26B02AF56087007BF2F8;
			productRefGroup = 185E26BA2AF56087007BF2F8 /* Products */;
			projectDirPath = "";
			projectRoot = "";
			targets = (
				185E26B82AF56087007BF2F8 /* FitWit */,
			);
		};
/* End PBXProject section */

/* Begin PBXResourcesBuildPhase section */
		185E26B72AF56087007BF2F8 /* Resources */ = {
			isa = PBXResourcesBuildPhase;
			buildActionMask = 2147483647;
			files = (
				185E26C42AF5608A007BF2F8 /* Preview Assets.xcassets in Resources */,
				185E26C12AF5608A007BF2F8 /* Assets.xcassets in Resources */,
			);
			runOnlyForDeploymentPostprocessing = 0;
		};
/* End PBXResourcesBuildPhase section */

/* Begin PBXSourcesBuildPhase section */
		185E26B52AF56087007BF2F8 /* Sources */ = {
			isa = PBXSourcesBuildPhase;
			buildActionMask = 2147483647;
			files = (
				185E26CC2AF564D6007BF2F8 /* BackgroundView.swift in Sources */,
				185E26CE2AF5A32A007BF2F8 /* HomeView.swift in Sources */,
				188293BB2B001D4A00502EA8 /* SplashView.swift in Sources */,
				185E26BF2AF56087007BF2F8 /* ContentView.swift in Sources */,
				1866D1772B03EA880060D845 /* MatchView.swift in Sources */,
				185E26BD2AF56087007BF2F8 /* FitWitApp.swift in Sources */,
			);
			runOnlyForDeploymentPostprocessing = 0;
		};
/* End PBXSourcesBuildPhase section */

/* Begin XCBuildConfiguration section */
		185E26C52AF5608A007BF2F8 /* Debug */ = {
			isa = XCBuildConfiguration;
			buildSettings = {
				ALWAYS_SEARCH_USER_PATHS = NO;
				CLANG_ANALYZER_NONNULL = YES;
				CLANG_ANALYZER_NUMBER_OBJECT_CONVERSION = YES_AGGRESSIVE;
				CLANG_CXX_LANGUAGE_STANDARD = "gnu++20";
				CLANG_ENABLE_MODULES = YES;
				CLANG_ENABLE_OBJC_ARC = YES;
				CLANG_ENABLE_OBJC_WEAK = YES;
				CLANG_WARN_BLOCK_CAPTURE_AUTORELEASING = YES;
				CLANG_WARN_BOOL_CONVERSION = YES;
				CLANG_WARN_COMMA = YES;
				CLANG_WARN_CONSTANT_CONVERSION = YES;
				CLANG_WARN_DEPRECATED_OBJC_IMPLEMENTATIONS = YES;
				CLANG_WARN_DIRECT_OBJC_ISA_USAGE = YES_ERROR;
				CLANG_WARN_DOCUMENTATION_COMMENTS = YES;
				CLANG_WARN_EMPTY_BODY = YES;
				CLANG_WARN_ENUM_CONVERSION = YES;
				CLANG_WARN_INFINITE_RECURSION = YES;
				CLANG_WARN_INT_CONVERSION = YES;
				CLANG_WARN_NON_LITERAL_NULL_CONVERSION = YES;
				CLANG_WARN_OBJC_IMPLICIT_RETAIN_SELF = YES;
				CLANG_WARN_OBJC_LITERAL_CONVERSION = YES;
				CLANG_WARN_OBJC_ROOT_CLASS = YES_ERROR;
				CLANG_WARN_QUOTED_INCLUDE_IN_FRAMEWORK_HEADER = YES;
				CLANG_WARN_RANGE_LOOP_ANALYSIS = YES;
				CLANG_WARN_STRICT_PROTOTYPES = YES;
				CLANG_WARN_SUSPICIOUS_MOVE = YES;
				CLANG_WARN_UNGUARDED_AVAILABILITY = YES_AGGRESSIVE;
				CLANG_WARN_UNREACHABLE_CODE = YES;
				CLANG_WARN__DUPLICATE_METHOD_MATCH = YES;
				COPY_PHASE_STRIP = NO;
				DEBUG_INFORMATION_FORMAT = dwarf;
				ENABLE_STRICT_OBJC_MSGSEND = YES;
				ENABLE_TESTABILITY = YES;
				GCC_C_LANGUAGE_STANDARD = gnu11;
				GCC_DYNAMIC_NO_PIC = NO;
				GCC_NO_COMMON_BLOCKS = YES;
				GCC_OPTIMIZATION_LEVEL = 0;
				GCC_PREPROCESSOR_DEFINITIONS = (
					"DEBUG=1",
					"$(inherited)",
				);
				GCC_WARN_64_TO_32_BIT_CONVERSION = YES;
				GCC_WARN_ABOUT_RETURN_TYPE = YES_ERROR;
				GCC_WARN_UNDECLARED_SELECTOR = YES;
				GCC_WARN_UNINITIALIZED_AUTOS = YES_AGGRESSIVE;
				GCC_WARN_UNUSED_FUNCTION = YES;
				GCC_WARN_UNUSED_VARIABLE = YES;
				IPHONEOS_DEPLOYMENT_TARGET = 16.4;
				MTL_ENABLE_DEBUG_INFO = INCLUDE_SOURCE;
				MTL_FAST_MATH = YES;
				ONLY_ACTIVE_ARCH = YES;
				SDKROOT = iphoneos;
				SWIFT_ACTIVE_COMPILATION_CONDITIONS = DEBUG;
				SWIFT_OPTIMIZATION_LEVEL = "-Onone";
			};
			name = Debug;
		};
		185E26C62AF5608A007BF2F8 /* Release */ = {
			isa = XCBuildConfiguration;
			buildSettings = {
				ALWAYS_SEARCH_USER_PATHS = NO;
				CLANG_ANALYZER_NONNULL = YES;
				CLANG_ANALYZER_NUMBER_OBJECT_CONVERSION = YES_AGGRESSIVE;
				CLANG_CXX_LANGUAGE_STANDARD = "gnu++20";
				CLANG_ENABLE_MODULES = YES;
				CLANG_ENABLE_OBJC_ARC = YES;
				CLANG_ENABLE_OBJC_WEAK = YES;
				CLANG_WARN_BLOCK_CAPTURE_AUTORELEASING = YES;
				CLANG_WARN_BOOL_CONVERSION = YES;
				CLANG_WARN_COMMA = YES;
				CLANG_WARN_CONSTANT_CONVERSION = YES;
				CLANG_WARN_DEPRECATED_OBJC_IMPLEMENTATIONS = YES;
				CLANG_WARN_DIRECT_OBJC_ISA_USAGE = YES_ERROR;
				CLANG_WARN_DOCUMENTATION_COMMENTS = YES;
				CLANG_WARN_EMPTY_BODY = YES;
				CLANG_WARN_ENUM_CONVERSION = YES;
				CLANG_WARN_INFINITE_RECURSION = YES;
				CLANG_WARN_INT_CONVERSION = YES;
				CLANG_WARN_NON_LITERAL_NULL_CONVERSION = YES;
				CLANG_WARN_OBJC_IMPLICIT_RETAIN_SELF = YES;
				CLANG_WARN_OBJC_LITERAL_CONVERSION = YES;
				CLANG_WARN_OBJC_ROOT_CLASS = YES_ERROR;
				CLANG_WARN_QUOTED_INCLUDE_IN_FRAMEWORK_HEADER = YES;
				CLANG_WARN_RANGE_LOOP_ANALYSIS = YES;
				CLANG_WARN_STRICT_PROTOTYPES = YES;
				CLANG_WARN_SUSPICIOUS_MOVE = YES;
				CLANG_WARN_UNGUARDED_AVAILABILITY = YES_AGGRESSIVE;
				CLANG_WARN_UNREACHABLE_CODE = YES;
				CLANG_WARN__DUPLICATE_METHOD_MATCH = YES;
				COPY_PHASE_STRIP = NO;
				DEBUG_INFORMATION_FORMAT = "dwarf-with-dsym";
				ENABLE_NS_ASSERTIONS = NO;
				ENABLE_STRICT_OBJC_MSGSEND = YES;
				GCC_C_LANGUAGE_STANDARD = gnu11;
				GCC_NO_COMMON_BLOCKS = YES;
				GCC_WARN_64_TO_32_BIT_CONVERSION = YES;
				GCC_WARN_ABOUT_RETURN_TYPE = YES_ERROR;
				GCC_WARN_UNDECLARED_SELECTOR = YES;
				GCC_WARN_UNINITIALIZED_AUTOS = YES_AGGRESSIVE;
				GCC_WARN_UNUSED_FUNCTION = YES;
				GCC_WARN_UNUSED_VARIABLE = YES;
				IPHONEOS_DEPLOYMENT_TARGET = 16.4;
				MTL_ENABLE_DEBUG_INFO = NO;
				MTL_FAST_MATH = YES;
				SDKROOT = iphoneos;
				SWIFT_COMPILATION_MODE = wholemodule;
				SWIFT_OPTIMIZATION_LEVEL = "-O";
				VALIDATE_PRODUCT = YES;
			};
			name = Release;
		};
		185E26C82AF5608A007BF2F8 /* Debug */ = {
			isa = XCBuildConfiguration;
			buildSettings = {
				ASSETCATALOG_COMPILER_APPICON_NAME = AppIcon;
				ASSETCATALOG_COMPILER_GLOBAL_ACCENT_COLOR_NAME = AccentColor;
				CODE_SIGN_STYLE = Automatic;
				CURRENT_PROJECT_VERSION = 1;
				DEVELOPMENT_ASSET_PATHS = "\"FitWit/Preview Content\"";
				DEVELOPMENT_TEAM = 9872Q3S934;
				ENABLE_PREVIEWS = YES;
				GENERATE_INFOPLIST_FILE = YES;
				INFOPLIST_KEY_UIApplicationSceneManifest_Generation = YES;
				INFOPLIST_KEY_UIApplicationSupportsIndirectInputEvents = YES;
				INFOPLIST_KEY_UILaunchScreen_Generation = YES;
				INFOPLIST_KEY_UISupportedInterfaceOrientations_iPad = "UIInterfaceOrientationPortrait UIInterfaceOrientationPortraitUpsideDown UIInterfaceOrientationLandscapeLeft UIInterfaceOrientationLandscapeRight";
				INFOPLIST_KEY_UISupportedInterfaceOrientations_iPhone = "UIInterfaceOrientationPortrait UIInterfaceOrientationLandscapeLeft UIInterfaceOrientationLandscapeRight";
				LD_RUNPATH_SEARCH_PATHS = (
					"$(inherited)",
					"@executable_path/Frameworks",
				);
				MARKETING_VERSION = 1.0;
				PRODUCT_BUNDLE_IDENTIFIER = com.codewithsaqib.FitWit;
				PRODUCT_NAME = "$(TARGET_NAME)";
				SWIFT_EMIT_LOC_STRINGS = YES;
				SWIFT_VERSION = 5.0;
				TARGETED_DEVICE_FAMILY = "1,2";
			};
			name = Debug;
		};
		185E26C92AF5608A007BF2F8 /* Release */ = {
			isa = XCBuildConfiguration;
			buildSettings = {
				ASSETCATALOG_COMPILER_APPICON_NAME = AppIcon;
				ASSETCATALOG_COMPILER_GLOBAL_ACCENT_COLOR_NAME = AccentColor;
				CODE_SIGN_STYLE = Automatic;
				CURRENT_PROJECT_VERSION = 1;
				DEVELOPMENT_ASSET_PATHS = "\"FitWit/Preview Content\"";
				DEVELOPMENT_TEAM = 9872Q3S934;
				ENABLE_PREVIEWS = YES;
				GENERATE_INFOPLIST_FILE = YES;
				INFOPLIST_KEY_UIApplicationSceneManifest_Generation = YES;
				INFOPLIST_KEY_UIApplicationSupportsIndirectInputEvents = YES;
				INFOPLIST_KEY_UILaunchScreen_Generation = YES;
				INFOPLIST_KEY_UISupportedInterfaceOrientations_iPad = "UIInterfaceOrientationPortrait UIInterfaceOrientationPortraitUpsideDown UIInterfaceOrientationLandscapeLeft UIInterfaceOrientationLandscapeRight";
				INFOPLIST_KEY_UISupportedInterfaceOrientations_iPhone = "UIInterfaceOrientationPortrait UIInterfaceOrientationLandscapeLeft UIInterfaceOrientationLandscapeRight";
				LD_RUNPATH_SEARCH_PATHS = (
					"$(inherited)",
					"@executable_path/Frameworks",
				);
				MARKETING_VERSION = 1.0;
				PRODUCT_BUNDLE_IDENTIFIER = com.codewithsaqib.FitWit;
				PRODUCT_NAME = "$(TARGET_NAME)";
				SWIFT_EMIT_LOC_STRINGS = YES;
				SWIFT_VERSION = 5.0;
				TARGETED_DEVICE_FAMILY = "1,2";
			};
			name = Release;
		};
/* End XCBuildConfiguration section */

/* Begin XCConfigurationList section */
		185E26B42AF56087007BF2F8 /* Build configuration list for PBXProject "FitWit" */ = {
			isa = XCConfigurationList;
			buildConfigurations = (
				185E26C52AF5608A007BF2F8 /* Debug */,
				185E26C62AF5608A007BF2F8 /* Release */,
			);
			defaultConfigurationIsVisible = 0;
			defaultConfigurationName = Release;
		};
		185E26C72AF5608A007BF2F8 /* Build configuration list for PBXNativeTarget "FitWit" */ = {
			isa = XCConfigurationList;
			buildConfigurations = (
				185E26C82AF5608A007BF2F8 /* Debug */,
				185E26C92AF5608A007BF2F8 /* Release */,
			);
			defaultConfigurationIsVisible = 0;
			defaultConfigurationName = Release;
		};
/* End XCConfigurationList section */
	};
	rootObject = 185E26B12AF56087007BF2F8 /* Project object */;
}
